
Microsoft Visual Studio Solution File, Format Version 12.00
# Visual Studio 2013
VisualStudioVersion = 12.0.31101.0
MinimumVisualStudioVersion = 10.0.40219.1
Project("{FAE04EC0-301F-11D3-BF4B-00C04F79EFBC}") = "Spoofi.AmoCrmIntegration", "src\Spoofi.AmoCrmIntegration\Spoofi.AmoCrmIntegration.csproj", "{17822250-2659-415E-BE92-FDAA10163C5A}"
EndProject
Project("{FAE04EC0-301F-11D3-BF4B-00C04F79EFBC}") = "Spoofi.AmoCrmIntegration.Tests", "src\Spoofi.AmoCrmIntegration.Tests\Spoofi.AmoCrmIntegration.Tests.csproj", "{0889B4BF-1D51-46A5-B100-2873356D0EAC}"
EndProject
Global
	GlobalSection(SolutionConfigurationPlatforms) = preSolution
		Debug|Any CPU = Debug|Any CPU
		Release|Any CPU = Release|Any CPU
	EndGlobalSection
	GlobalSection(ProjectConfigurationPlatforms) = postSolution
		{17822250-2659-415E-BE92-FDAA10163C5A}.Debug|Any CPU.ActiveCfg = Debug|Any CPU
		{17822250-2659-415E-BE92-FDAA10163C5A}.Debug|Any CPU.Build.0 = Debug|Any CPU
		{17822250-2659-415E-BE92-FDAA10163C5A}.Release|Any CPU.ActiveCfg = Release|Any CPU
		{17822250-2659-415E-BE92-FDAA10163C5A}.Release|Any CPU.Build.0 = Release|Any CPU
		{0889B4BF-1D51-46A5-B100-2873356D0EAC}.Debug|Any CPU.ActiveCfg = Debug|Any CPU
		{0889B4BF-1D51-46A5-B100-2873356D0EAC}.Debug|Any CPU.Build.0 = Debug|Any CPU
		{0889B4BF-1D51-46A5-B100-2873356D0EAC}.Release|Any CPU.ActiveCfg = Release|Any CPU
		{0889B4BF-1D51-46A5-B100-2873356D0EAC}.Release|Any CPU.Build.0 = Release|Any CPU
	EndGlobalSection
	GlobalSection(SolutionProperties) = preSolution
		HideSolutionNode = FALSE
	EndGlobalSection
EndGlobal
